{
  "requires": true,
  "lockfileVersion": 1,
  "dependencies": {
    "@josepot/rxjs-state": {
      "version": "0.1.0",
      "resolved": "https://registry.npmjs.org/@josepot/rxjs-state/-/rxjs-state-0.1.0.tgz",
      "integrity": "sha512-GwzRTntu+zS36qJXNz5awkTKWaSdAnnSljVe3iAkPcdAOdUb2U7WC6F6FgNWsQNLuNy5UWWZgCsPxOpYeubQoA=="
    },
    "@react-rxjs/core": {
      "version": "0.9.0",
      "resolved": "https://registry.npmjs.org/@react-rxjs/core/-/core-0.9.0.tgz",
      "integrity": "sha512-VuZjMtVf5FPAjEKRg/se0nWUfH4U3TmoJrBtZ53V++OC2o6RcbWMTtznM+lP2VUwVNKGBwPTec2jBXVNz0WVHQ==",
      "requires": {
        "@josepot/rxjs-state": "^0.1.0",
        "use-sync-external-store": "^1.0.0-rc.0"
      }
    },
    "@react-rxjs/utils": {
      "version": "0.9.5",
      "resolved": "https://registry.npmjs.org/@react-rxjs/utils/-/utils-0.9.5.tgz",
      "integrity": "sha512-RXVw8JAnBvKb23CixtrH7w5CKiiJodyck8T0s8o94XSor5XfsqpDrDk8Cq8iwyrxvvSL3+BoNAA+WCbVFTVhcg=="
    },
    "rxjs": {
      "version": "7.5.5",
      "resolved": "https://registry.npmjs.org/rxjs/-/rxjs-7.5.5.tgz",
      "integrity": "sha512-sy+H0pQofO95VDmFLzyaw9xNJU4KTRSwQIGM6+iG3SypAtCiLDzpeG8sJrNCWn2Up9km+KhkvTdbkrdy+yzZdw==",
      "requires": {
        "tslib": "^2.1.0"
      }
    },
    "tslib": {
      "version": "2.3.1",
      "resolved": "https://registry.npmjs.org/tslib/-/tslib-2.3.1.tgz",
      "integrity": "sha512-77EbyPPpMz+FRFRuAFlWMtmgUWGe9UOG2Z25NqCwiIjRhOf5iKGuzSe5P2w1laq+FkRy4p+PCuVkJSGkzTEKVw=="
    },
    "use-sync-external-store": {
      "version": "1.0.0-rc.0",
      "resolved": "https://registry.npmjs.org/use-sync-external-store/-/use-sync-external-store-1.0.0-rc.0.tgz",
      "integrity": "sha512-0U9Xlc2QDFzSGMB0DvcJQL0+DIdxDPJC7mnZlYFbl7wrSrPMcs89X5TVkNB6Dzg618m8lZop+U+J6ow3vq9RAQ=="
    }
  }
}
