
Microsoft Visual Studio Solution File, Format Version 12.00
# Visual Studio Version 16
VisualStudioVersion = 16.0.32228.343
MinimumVisualStudioVersion = 10.0.40219.1
Project("{9A19103F-16F7-4668-BE54-9A1E7A4F7556}") = "Domain", "Domain\Domain.csproj", "{6E0696A4-A5A7-4ACF-8DC6-FAB0153747F1}"
EndProject
Project("{9A19103F-16F7-4668-BE54-9A1E7A4F7556}") = "WebApi", "WebApi\WebApi.csproj", "{87A4647E-6B8B-4B73-A705-34197B906A64}"
EndProject
Project("{FAE04EC0-301F-11D3-BF4B-00C04F79EFBC}") = "Application", "Application\Application.csproj", "{5DDD399D-735E-4D63-ADFC-B8686B4678FE}"
EndProject
Project("{FAE04EC0-301F-11D3-BF4B-00C04F79EFBC}") = "Infrastructure", "Infrastructure\Infrastructure.csproj", "{4F0B026C-9B63-4B8E-9BD7-54CB397A4EF6}"
EndProject
Global
	GlobalSection(SolutionConfigurationPlatforms) = preSolution
		Debug|Any CPU = Debug|Any CPU
		Release|Any CPU = Release|Any CPU
	EndGlobalSection
	GlobalSection(ProjectConfigurationPlatforms) = postSolution
		{6E0696A4-A5A7-4ACF-8DC6-FAB0153747F1}.Debug|Any CPU.ActiveCfg = Debug|Any CPU
		{6E0696A4-A5A7-4ACF-8DC6-FAB0153747F1}.Debug|Any CPU.Build.0 = Debug|Any CPU
		{6E0696A4-A5A7-4ACF-8DC6-FAB0153747F1}.Release|Any CPU.ActiveCfg = Release|Any CPU
		{6E0696A4-A5A7-4ACF-8DC6-FAB0153747F1}.Release|Any CPU.Build.0 = Release|Any CPU
		{87A4647E-6B8B-4B73-A705-34197B906A64}.Debug|Any CPU.ActiveCfg = Debug|Any CPU
		{87A4647E-6B8B-4B73-A705-34197B906A64}.Debug|Any CPU.Build.0 = Debug|Any CPU
		{87A4647E-6B8B-4B73-A705-34197B906A64}.Release|Any CPU.ActiveCfg = Release|Any CPU
		{87A4647E-6B8B-4B73-A705-34197B906A64}.Release|Any CPU.Build.0 = Release|Any CPU
		{5DDD399D-735E-4D63-ADFC-B8686B4678FE}.Debug|Any CPU.ActiveCfg = Debug|Any CPU
		{5DDD399D-735E-4D63-ADFC-B8686B4678FE}.Debug|Any CPU.Build.0 = Debug|Any CPU
		{5DDD399D-735E-4D63-ADFC-B8686B4678FE}.Release|Any CPU.ActiveCfg = Release|Any CPU
		{5DDD399D-735E-4D63-ADFC-B8686B4678FE}.Release|Any CPU.Build.0 = Release|Any CPU
		{4F0B026C-9B63-4B8E-9BD7-54CB397A4EF6}.Debug|Any CPU.ActiveCfg = Debug|Any CPU
		{4F0B026C-9B63-4B8E-9BD7-54CB397A4EF6}.Debug|Any CPU.Build.0 = Debug|Any CPU
		{4F0B026C-9B63-4B8E-9BD7-54CB397A4EF6}.Release|Any CPU.ActiveCfg = Release|Any CPU
		{4F0B026C-9B63-4B8E-9BD7-54CB397A4EF6}.Release|Any CPU.Build.0 = Release|Any CPU
	EndGlobalSection
	GlobalSection(SolutionProperties) = preSolution
		HideSolutionNode = FALSE
	EndGlobalSection
	GlobalSection(ExtensibilityGlobals) = postSolution
		SolutionGuid = {BB1089DE-74E2-4D8C-964D-F3BBC445836C}
	EndGlobalSection
EndGlobal
